// !$*UTF8*$!
{
	archiveVersion = 1;
	classes = {
	};
	objectVersion = 56;
	objects = {

/* Begin PBXBuildFile section */
		0F03588A045082EED37F4E74 /* Pods_MuscleUpTests.framework in Frameworks */ = {isa = PBXBuildFile; fileRef = 6434EADEC1A0204F6ECCC3FC /* Pods_MuscleUpTests.framework */; };
		980B0F4C2C29B88300B1108D /* NfcButton.swift in Sources */ = {isa = PBXBuildFile; fileRef = 980B0F4B2C29B88300B1108D /* NfcButton.swift */; };
		983304392BCDC52700F6F94E /* SerieModel.swift in Sources */ = {isa = PBXBuildFile; fileRef = 983304382BCDC52700F6F94E /* SerieModel.swift */; };
		9833043B2BCDC56B00F6F94E /* ExerciceModel.swift in Sources */ = {isa = PBXBuildFile; fileRef = 9833043A2BCDC56B00F6F94E /* ExerciceModel.swift */; };
		9843727A2C8118A70033AE2C /* Date.swift in Sources */ = {isa = PBXBuildFile; fileRef = 984372792C8118A70033AE2C /* Date.swift */; };
		9843727C2C811BA90033AE2C /* SessionHistory.swift in Sources */ = {isa = PBXBuildFile; fileRef = 9843727B2C811BA90033AE2C /* SessionHistory.swift */; };
		9847B2DF2C767653002125E3 /* SessionsHistory.swift in Sources */ = {isa = PBXBuildFile; fileRef = 9847B2DE2C767653002125E3 /* SessionsHistory.swift */; };
		9847B2E12C76767E002125E3 /* ExercicesHistory.swift in Sources */ = {isa = PBXBuildFile; fileRef = 9847B2E02C76767E002125E3 /* ExercicesHistory.swift */; };
		9847B2E32C767A12002125E3 /* ExerciceHistoryModel.swift in Sources */ = {isa = PBXBuildFile; fileRef = 9847B2E22C767A12002125E3 /* ExerciceHistoryModel.swift */; };
		9847B2E72C768690002125E3 /* ExerciceHistory.swift in Sources */ = {isa = PBXBuildFile; fileRef = 9847B2E62C768690002125E3 /* ExerciceHistory.swift */; };
		9869AAA12C22198300E27E8B /* SessionViewModel.swift in Sources */ = {isa = PBXBuildFile; fileRef = 9869AAA02C22198300E27E8B /* SessionViewModel.swift */; };
		9869AAA42C24B82C00E27E8B /* StatsCard.swift in Sources */ = {isa = PBXBuildFile; fileRef = 9869AAA32C24B82C00E27E8B /* StatsCard.swift */; };
		9869AAA62C24BE9100E27E8B /* ListCard.swift in Sources */ = {isa = PBXBuildFile; fileRef = 9869AAA52C24BE9100E27E8B /* ListCard.swift */; };
		98AB7D302C11E29D00695D84 /* ExerciceDetail.swift in Sources */ = {isa = PBXBuildFile; fileRef = 98AB7D2F2C11E29D00695D84 /* ExerciceDetail.swift */; };
		98AB7D322C11EC0E00695D84 /* SerieDetail.swift in Sources */ = {isa = PBXBuildFile; fileRef = 98AB7D312C11EC0E00695D84 /* SerieDetail.swift */; };
		98BC37702BCAA05C00F0880C /* MuscleUpApp.swift in Sources */ = {isa = PBXBuildFile; fileRef = 98BC376F2BCAA05C00F0880C /* MuscleUpApp.swift */; };
		98BC37722BCAA05C00F0880C /* ContentView.swift in Sources */ = {isa = PBXBuildFile; fileRef = 98BC37712BCAA05C00F0880C /* ContentView.swift */; };
		98BC37742BCAA05E00F0880C /* Assets.xcassets in Resources */ = {isa = PBXBuildFile; fileRef = 98BC37732BCAA05E00F0880C /* Assets.xcassets */; };
		98BC37772BCAA05E00F0880C /* Preview Assets.xcassets in Resources */ = {isa = PBXBuildFile; fileRef = 98BC37762BCAA05E00F0880C /* Preview Assets.xcassets */; };
		98BC37812BCAA05E00F0880C /* MuscleUpTests.swift in Sources */ = {isa = PBXBuildFile; fileRef = 98BC37802BCAA05E00F0880C /* MuscleUpTests.swift */; };
		98BC378B2BCAA05E00F0880C /* MuscleUpUITests.swift in Sources */ = {isa = PBXBuildFile; fileRef = 98BC378A2BCAA05E00F0880C /* MuscleUpUITests.swift */; };
		98BC378D2BCAA05E00F0880C /* MuscleUpUITestsLaunchTests.swift in Sources */ = {isa = PBXBuildFile; fileRef = 98BC378C2BCAA05E00F0880C /* MuscleUpUITestsLaunchTests.swift */; };
		98BC37A12BCAA0EA00F0880C /* Login.swift in Sources */ = {isa = PBXBuildFile; fileRef = 98BC37A02BCAA0EA00F0880C /* Login.swift */; };
		98BC37A42BCAA0FC00F0880C /* SignUp.swift in Sources */ = {isa = PBXBuildFile; fileRef = 98BC37A32BCAA0FC00F0880C /* SignUp.swift */; };
		98BC37A62BCAA10B00F0880C /* ForgotPassword.swift in Sources */ = {isa = PBXBuildFile; fileRef = 98BC37A52BCAA10B00F0880C /* ForgotPassword.swift */; };
		98BC37A82BCAA11800F0880C /* PasswordResetView.swift in Sources */ = {isa = PBXBuildFile; fileRef = 98BC37A72BCAA11800F0880C /* PasswordResetView.swift */; };
		98BC37AD2BCAA16000F0880C /* CustomTextField.swift in Sources */ = {isa = PBXBuildFile; fileRef = 98BC37AC2BCAA16000F0880C /* CustomTextField.swift */; };
		98BC37AF2BCAA16E00F0880C /* PrimaryButton.swift in Sources */ = {isa = PBXBuildFile; fileRef = 98BC37AE2BCAA16E00F0880C /* PrimaryButton.swift */; };
		98BC37B12BCAA17800F0880C /* HeaderView.swift in Sources */ = {isa = PBXBuildFile; fileRef = 98BC37B02BCAA17800F0880C /* HeaderView.swift */; };
		98BC37B42BCAA18B00F0880C /* SessionDetail.swift in Sources */ = {isa = PBXBuildFile; fileRef = 98BC37B32BCAA18B00F0880C /* SessionDetail.swift */; };
		98BC37B62BCAA19900F0880C /* AddSession.swift in Sources */ = {isa = PBXBuildFile; fileRef = 98BC37B52BCAA19900F0880C /* AddSession.swift */; };
		98BC37B82BCAA1A400F0880C /* Session.swift in Sources */ = {isa = PBXBuildFile; fileRef = 98BC37B72BCAA1A400F0880C /* Session.swift */; };
		98BC37BA2BCAA1BC00F0880C /* Home.swift in Sources */ = {isa = PBXBuildFile; fileRef = 98BC37B92BCAA1BC00F0880C /* Home.swift */; };
		98BC37BC2BCAA1C500F0880C /* Profile.swift in Sources */ = {isa = PBXBuildFile; fileRef = 98BC37BB2BCAA1C500F0880C /* Profile.swift */; };
		98BC37BE2BCAA1D100F0880C /* Root.swift in Sources */ = {isa = PBXBuildFile; fileRef = 98BC37BD2BCAA1D100F0880C /* Root.swift */; };
		98BC37C02BCAA1E800F0880C /* AuthViewModel.swift in Sources */ = {isa = PBXBuildFile; fileRef = 98BC37BF2BCAA1E800F0880C /* AuthViewModel.swift */; };
		98BC37C22BCAA1F500F0880C /* GymViewModel.swift in Sources */ = {isa = PBXBuildFile; fileRef = 98BC37C12BCAA1F500F0880C /* GymViewModel.swift */; };
		98BC37C42BCAA20100F0880C /* MuscleUpViewModel.swift in Sources */ = {isa = PBXBuildFile; fileRef = 98BC37C32BCAA20100F0880C /* MuscleUpViewModel.swift */; };
		98BC37C62BCAA21800F0880C /* GymModel.swift in Sources */ = {isa = PBXBuildFile; fileRef = 98BC37C52BCAA21800F0880C /* GymModel.swift */; };
		98BC37C82BCAA22200F0880C /* LoginModel.swift in Sources */ = {isa = PBXBuildFile; fileRef = 98BC37C72BCAA22200F0880C /* LoginModel.swift */; };
		98BC37CA2BCAA23200F0880C /* MuscleUpResponse.swift in Sources */ = {isa = PBXBuildFile; fileRef = 98BC37C92BCAA23200F0880C /* MuscleUpResponse.swift */; };
		98BC37CC2BCAA25200F0880C /* RegisterModel.swift in Sources */ = {isa = PBXBuildFile; fileRef = 98BC37CB2BCAA25200F0880C /* RegisterModel.swift */; };
		98BC37CE2BCAA25D00F0880C /* SessionModel.swift in Sources */ = {isa = PBXBuildFile; fileRef = 98BC37CD2BCAA25D00F0880C /* SessionModel.swift */; };
		98BC37D02BCAA26700F0880C /* UserModel.swift in Sources */ = {isa = PBXBuildFile; fileRef = 98BC37CF2BCAA26700F0880C /* UserModel.swift */; };
		98BC37D22BCAA27700F0880C /* View+Extensions.swift in Sources */ = {isa = PBXBuildFile; fileRef = 98BC37D12BCAA27700F0880C /* View+Extensions.swift */; };
		98BC37D42BCAA28600F0880C /* LoginManager.swift in Sources */ = {isa = PBXBuildFile; fileRef = 98BC37D32BCAA28600F0880C /* LoginManager.swift */; };
		98BC37D62BCAA29500F0880C /* Request.swift in Sources */ = {isa = PBXBuildFile; fileRef = 98BC37D52BCAA29500F0880C /* Request.swift */; };
		98CAF0822C2C6FFC005D298B /* UserViewModel.swift in Sources */ = {isa = PBXBuildFile; fileRef = 98CAF0812C2C6FFC005D298B /* UserViewModel.swift */; };
		98CAF0842C2C7472005D298B /* ModifyProfile.swift in Sources */ = {isa = PBXBuildFile; fileRef = 98CAF0832C2C7472005D298B /* ModifyProfile.swift */; };
		98CAF0862C2DB34C005D298B /* Params.swift in Sources */ = {isa = PBXBuildFile; fileRef = 98CAF0852C2DB34C005D298B /* Params.swift */; };
		98CAF0882C2EDE7D005D298B /* MyGyms.swift in Sources */ = {isa = PBXBuildFile; fileRef = 98CAF0872C2EDE7D005D298B /* MyGyms.swift */; };
		98CAF08B2C2EEC04005D298B /* AddGym.swift in Sources */ = {isa = PBXBuildFile; fileRef = 98CAF08A2C2EEC04005D298B /* AddGym.swift */; };
		98CF583F2BFBDB2400278C8D /* AddExercice.swift in Sources */ = {isa = PBXBuildFile; fileRef = 98CF583E2BFBDB2400278C8D /* AddExercice.swift */; };
		98CF58432BFBE20500278C8D /* ExerciceViewModel.swift in Sources */ = {isa = PBXBuildFile; fileRef = 98CF58422BFBE20500278C8D /* ExerciceViewModel.swift */; };
		98F8FCD22C348E3E00BE3ACA /* StatModel.swift in Sources */ = {isa = PBXBuildFile; fileRef = 98F8FCD12C348E3E00BE3ACA /* StatModel.swift */; };
		98F8FCD62C35C56F00BE3ACA /* RankViewModel.swift in Sources */ = {isa = PBXBuildFile; fileRef = 98F8FCD52C35C56F00BE3ACA /* RankViewModel.swift */; };
		98F8FCD82C35C59600BE3ACA /* RankModel.swift in Sources */ = {isa = PBXBuildFile; fileRef = 98F8FCD72C35C59600BE3ACA /* RankModel.swift */; };
		98F8FCDB2C35C89800BE3ACA /* RankCard.swift in Sources */ = {isa = PBXBuildFile; fileRef = 98F8FCDA2C35C89800BE3ACA /* RankCard.swift */; };
		98F8FCDD2C37213C00BE3ACA /* Rank.swift in Sources */ = {isa = PBXBuildFile; fileRef = 98F8FCDC2C37213C00BE3ACA /* Rank.swift */; };
		98FF2D0F2C922CD400D86ACA /* TrophyModel.swift in Sources */ = {isa = PBXBuildFile; fileRef = 98FF2D0E2C922CD400D86ACA /* TrophyModel.swift */; };
		C35609FF16BBD4E454968C51 /* Pods_MuscleUp.framework in Frameworks */ = {isa = PBXBuildFile; fileRef = 13D2E900802C0AFA64279EB2 /* Pods_MuscleUp.framework */; };
		DC72CFF01578A73C45F4B117 /* Pods_MuscleUp_MuscleUpUITests.framework in Frameworks */ = {isa = PBXBuildFile; fileRef = 620A05AE749DCF9B2BA5FE72 /* Pods_MuscleUp_MuscleUpUITests.framework */; };
/* End PBXBuildFile section */

/* Begin PBXContainerItemProxy section */
		98BC377D2BCAA05E00F0880C /* PBXContainerItemProxy */ = {
			isa = PBXContainerItemProxy;
			containerPortal = 98BC37642BCAA05C00F0880C /* Project object */;
			proxyType = 1;
			remoteGlobalIDString = 98BC376B2BCAA05C00F0880C;
			remoteInfo = MuscleUp;
		};
		98BC37872BCAA05E00F0880C /* PBXContainerItemProxy */ = {
			isa = PBXContainerItemProxy;
			containerPortal = 98BC37642BCAA05C00F0880C /* Project object */;
			proxyType = 1;
			remoteGlobalIDString = 98BC376B2BCAA05C00F0880C;
			remoteInfo = MuscleUp;
		};
/* End PBXContainerItemProxy section */

/* Begin PBXFileReference section */
		13D2E900802C0AFA64279EB2 /* Pods_MuscleUp.framework */ = {isa = PBXFileReference; explicitFileType = wrapper.framework; includeInIndex = 0; path = Pods_MuscleUp.framework; sourceTree = BUILT_PRODUCTS_DIR; };
		212D151555B646499FE435C8 /* Pods-MuscleUpTests.release.xcconfig */ = {isa = PBXFileReference; includeInIndex = 1; lastKnownFileType = text.xcconfig; name = "Pods-MuscleUpTests.release.xcconfig"; path = "Target Support Files/Pods-MuscleUpTests/Pods-MuscleUpTests.release.xcconfig"; sourceTree = "<group>"; };
		289DA4D546A362407235BACA /* Pods-MuscleUp-MuscleUpUITests.release.xcconfig */ = {isa = PBXFileReference; includeInIndex = 1; lastKnownFileType = text.xcconfig; name = "Pods-MuscleUp-MuscleUpUITests.release.xcconfig"; path = "Target Support Files/Pods-MuscleUp-MuscleUpUITests/Pods-MuscleUp-MuscleUpUITests.release.xcconfig"; sourceTree = "<group>"; };
		5479BC7F056761A625D79549 /* Pods-MuscleUp.release.xcconfig */ = {isa = PBXFileReference; includeInIndex = 1; lastKnownFileType = text.xcconfig; name = "Pods-MuscleUp.release.xcconfig"; path = "Target Support Files/Pods-MuscleUp/Pods-MuscleUp.release.xcconfig"; sourceTree = "<group>"; };
		620A05AE749DCF9B2BA5FE72 /* Pods_MuscleUp_MuscleUpUITests.framework */ = {isa = PBXFileReference; explicitFileType = wrapper.framework; includeInIndex = 0; path = Pods_MuscleUp_MuscleUpUITests.framework; sourceTree = BUILT_PRODUCTS_DIR; };
		6434EADEC1A0204F6ECCC3FC /* Pods_MuscleUpTests.framework */ = {isa = PBXFileReference; explicitFileType = wrapper.framework; includeInIndex = 0; path = Pods_MuscleUpTests.framework; sourceTree = BUILT_PRODUCTS_DIR; };
		980B0F4B2C29B88300B1108D /* NfcButton.swift */ = {isa = PBXFileReference; lastKnownFileType = sourcecode.swift; path = NfcButton.swift; sourceTree = "<group>"; };
		980B0F4D2C29BCA600B1108D /* MuscleUp.entitlements */ = {isa = PBXFileReference; lastKnownFileType = text.plist.entitlements; path = MuscleUp.entitlements; sourceTree = "<group>"; };
		983304382BCDC52700F6F94E /* SerieModel.swift */ = {isa = PBXFileReference; lastKnownFileType = sourcecode.swift; path = SerieModel.swift; sourceTree = "<group>"; };
		9833043A2BCDC56B00F6F94E /* ExerciceModel.swift */ = {isa = PBXFileReference; lastKnownFileType = sourcecode.swift; path = ExerciceModel.swift; sourceTree = "<group>"; };
		984372792C8118A70033AE2C /* Date.swift */ = {isa = PBXFileReference; lastKnownFileType = sourcecode.swift; path = Date.swift; sourceTree = "<group>"; };
		9843727B2C811BA90033AE2C /* SessionHistory.swift */ = {isa = PBXFileReference; lastKnownFileType = sourcecode.swift; path = SessionHistory.swift; sourceTree = "<group>"; };
		9847B2DE2C767653002125E3 /* SessionsHistory.swift */ = {isa = PBXFileReference; lastKnownFileType = sourcecode.swift; path = SessionsHistory.swift; sourceTree = "<group>"; };
		9847B2E02C76767E002125E3 /* ExercicesHistory.swift */ = {isa = PBXFileReference; lastKnownFileType = sourcecode.swift; path = ExercicesHistory.swift; sourceTree = "<group>"; };
		9847B2E22C767A12002125E3 /* ExerciceHistoryModel.swift */ = {isa = PBXFileReference; lastKnownFileType = sourcecode.swift; path = ExerciceHistoryModel.swift; sourceTree = "<group>"; };
		9847B2E62C768690002125E3 /* ExerciceHistory.swift */ = {isa = PBXFileReference; lastKnownFileType = sourcecode.swift; path = ExerciceHistory.swift; sourceTree = "<group>"; };
		9869AAA02C22198300E27E8B /* SessionViewModel.swift */ = {isa = PBXFileReference; lastKnownFileType = sourcecode.swift; path = SessionViewModel.swift; sourceTree = "<group>"; };
		9869AAA32C24B82C00E27E8B /* StatsCard.swift */ = {isa = PBXFileReference; lastKnownFileType = sourcecode.swift; path = StatsCard.swift; sourceTree = "<group>"; };
		9869AAA52C24BE9100E27E8B /* ListCard.swift */ = {isa = PBXFileReference; lastKnownFileType = sourcecode.swift; path = ListCard.swift; sourceTree = "<group>"; };
		98AB7D2F2C11E29D00695D84 /* ExerciceDetail.swift */ = {isa = PBXFileReference; lastKnownFileType = sourcecode.swift; path = ExerciceDetail.swift; sourceTree = "<group>"; };
		98AB7D312C11EC0E00695D84 /* SerieDetail.swift */ = {isa = PBXFileReference; lastKnownFileType = sourcecode.swift; path = SerieDetail.swift; sourceTree = "<group>"; };
		98BC376C2BCAA05C00F0880C /* MuscleUp.app */ = {isa = PBXFileReference; explicitFileType = wrapper.application; includeInIndex = 0; path = MuscleUp.app; sourceTree = BUILT_PRODUCTS_DIR; };
		98BC376F2BCAA05C00F0880C /* MuscleUpApp.swift */ = {isa = PBXFileReference; lastKnownFileType = sourcecode.swift; path = MuscleUpApp.swift; sourceTree = "<group>"; };
		98BC37712BCAA05C00F0880C /* ContentView.swift */ = {isa = PBXFileReference; lastKnownFileType = sourcecode.swift; path = ContentView.swift; sourceTree = "<group>"; };
		98BC37732BCAA05E00F0880C /* Assets.xcassets */ = {isa = PBXFileReference; lastKnownFileType = folder.assetcatalog; path = Assets.xcassets; sourceTree = "<group>"; };
		98BC37762BCAA05E00F0880C /* Preview Assets.xcassets */ = {isa = PBXFileReference; lastKnownFileType = folder.assetcatalog; path = "Preview Assets.xcassets"; sourceTree = "<group>"; };
		98BC377C2BCAA05E00F0880C /* MuscleUpTests.xctest */ = {isa = PBXFileReference; explicitFileType = wrapper.cfbundle; includeInIndex = 0; path = MuscleUpTests.xctest; sourceTree = BUILT_PRODUCTS_DIR; };
		98BC37802BCAA05E00F0880C /* MuscleUpTests.swift */ = {isa = PBXFileReference; lastKnownFileType = sourcecode.swift; path = MuscleUpTests.swift; sourceTree = "<group>"; };
		98BC37862BCAA05E00F0880C /* MuscleUpUITests.xctest */ = {isa = PBXFileReference; explicitFileType = wrapper.cfbundle; includeInIndex = 0; path = MuscleUpUITests.xctest; sourceTree = BUILT_PRODUCTS_DIR; };
		98BC378A2BCAA05E00F0880C /* MuscleUpUITests.swift */ = {isa = PBXFileReference; lastKnownFileType = sourcecode.swift; path = MuscleUpUITests.swift; sourceTree = "<group>"; };
		98BC378C2BCAA05E00F0880C /* MuscleUpUITestsLaunchTests.swift */ = {isa = PBXFileReference; lastKnownFileType = sourcecode.swift; path = MuscleUpUITestsLaunchTests.swift; sourceTree = "<group>"; };
		98BC37A02BCAA0EA00F0880C /* Login.swift */ = {isa = PBXFileReference; lastKnownFileType = sourcecode.swift; path = Login.swift; sourceTree = "<group>"; };
		98BC37A32BCAA0FC00F0880C /* SignUp.swift */ = {isa = PBXFileReference; lastKnownFileType = sourcecode.swift; path = SignUp.swift; sourceTree = "<group>"; };
		98BC37A52BCAA10B00F0880C /* ForgotPassword.swift */ = {isa = PBXFileReference; lastKnownFileType = sourcecode.swift; path = ForgotPassword.swift; sourceTree = "<group>"; };
		98BC37A72BCAA11800F0880C /* PasswordResetView.swift */ = {isa = PBXFileReference; lastKnownFileType = sourcecode.swift; path = PasswordResetView.swift; sourceTree = "<group>"; };
		98BC37AC2BCAA16000F0880C /* CustomTextField.swift */ = {isa = PBXFileReference; lastKnownFileType = sourcecode.swift; path = CustomTextField.swift; sourceTree = "<group>"; };
		98BC37AE2BCAA16E00F0880C /* PrimaryButton.swift */ = {isa = PBXFileReference; lastKnownFileType = sourcecode.swift; path = PrimaryButton.swift; sourceTree = "<group>"; };
		98BC37B02BCAA17800F0880C /* HeaderView.swift */ = {isa = PBXFileReference; lastKnownFileType = sourcecode.swift; path = HeaderView.swift; sourceTree = "<group>"; };
		98BC37B32BCAA18B00F0880C /* SessionDetail.swift */ = {isa = PBXFileReference; lastKnownFileType = sourcecode.swift; path = SessionDetail.swift; sourceTree = "<group>"; };
		98BC37B52BCAA19900F0880C /* AddSession.swift */ = {isa = PBXFileReference; lastKnownFileType = sourcecode.swift; path = AddSession.swift; sourceTree = "<group>"; };
		98BC37B72BCAA1A400F0880C /* Session.swift */ = {isa = PBXFileReference; lastKnownFileType = sourcecode.swift; path = Session.swift; sourceTree = "<group>"; };
		98BC37B92BCAA1BC00F0880C /* Home.swift */ = {isa = PBXFileReference; lastKnownFileType = sourcecode.swift; path = Home.swift; sourceTree = "<group>"; };
		98BC37BB2BCAA1C500F0880C /* Profile.swift */ = {isa = PBXFileReference; lastKnownFileType = sourcecode.swift; path = Profile.swift; sourceTree = "<group>"; };
		98BC37BD2BCAA1D100F0880C /* Root.swift */ = {isa = PBXFileReference; lastKnownFileType = sourcecode.swift; path = Root.swift; sourceTree = "<group>"; };
		98BC37BF2BCAA1E800F0880C /* AuthViewModel.swift */ = {isa = PBXFileReference; lastKnownFileType = sourcecode.swift; path = AuthViewModel.swift; sourceTree = "<group>"; };
		98BC37C12BCAA1F500F0880C /* GymViewModel.swift */ = {isa = PBXFileReference; lastKnownFileType = sourcecode.swift; path = GymViewModel.swift; sourceTree = "<group>"; };
		98BC37C32BCAA20100F0880C /* MuscleUpViewModel.swift */ = {isa = PBXFileReference; lastKnownFileType = sourcecode.swift; path = MuscleUpViewModel.swift; sourceTree = "<group>"; };
		98BC37C52BCAA21800F0880C /* GymModel.swift */ = {isa = PBXFileReference; lastKnownFileType = sourcecode.swift; path = GymModel.swift; sourceTree = "<group>"; };
		98BC37C72BCAA22200F0880C /* LoginModel.swift */ = {isa = PBXFileReference; lastKnownFileType = sourcecode.swift; path = LoginModel.swift; sourceTree = "<group>"; };
		98BC37C92BCAA23200F0880C /* MuscleUpResponse.swift */ = {isa = PBXFileReference; lastKnownFileType = sourcecode.swift; path = MuscleUpResponse.swift; sourceTree = "<group>"; };
		98BC37CB2BCAA25200F0880C /* RegisterModel.swift */ = {isa = PBXFileReference; lastKnownFileType = sourcecode.swift; path = RegisterModel.swift; sourceTree = "<group>"; };
		98BC37CD2BCAA25D00F0880C /* SessionModel.swift */ = {isa = PBXFileReference; lastKnownFileType = sourcecode.swift; path = SessionModel.swift; sourceTree = "<group>"; };
		98BC37CF2BCAA26700F0880C /* UserModel.swift */ = {isa = PBXFileReference; lastKnownFileType = sourcecode.swift; path = UserModel.swift; sourceTree = "<group>"; };
		98BC37D12BCAA27700F0880C /* View+Extensions.swift */ = {isa = PBXFileReference; lastKnownFileType = sourcecode.swift; path = "View+Extensions.swift"; sourceTree = "<group>"; };
		98BC37D32BCAA28600F0880C /* LoginManager.swift */ = {isa = PBXFileReference; lastKnownFileType = sourcecode.swift; path = LoginManager.swift; sourceTree = "<group>"; };
		98BC37D52BCAA29500F0880C /* Request.swift */ = {isa = PBXFileReference; lastKnownFileType = sourcecode.swift; path = Request.swift; sourceTree = "<group>"; };
		98CAF0812C2C6FFC005D298B /* UserViewModel.swift */ = {isa = PBXFileReference; lastKnownFileType = sourcecode.swift; path = UserViewModel.swift; sourceTree = "<group>"; };
		98CAF0832C2C7472005D298B /* ModifyProfile.swift */ = {isa = PBXFileReference; lastKnownFileType = sourcecode.swift; path = ModifyProfile.swift; sourceTree = "<group>"; };
		98CAF0852C2DB34C005D298B /* Params.swift */ = {isa = PBXFileReference; lastKnownFileType = sourcecode.swift; path = Params.swift; sourceTree = "<group>"; };
		98CAF0872C2EDE7D005D298B /* MyGyms.swift */ = {isa = PBXFileReference; lastKnownFileType = sourcecode.swift; path = MyGyms.swift; sourceTree = "<group>"; };
		98CAF08A2C2EEC04005D298B /* AddGym.swift */ = {isa = PBXFileReference; lastKnownFileType = sourcecode.swift; path = AddGym.swift; sourceTree = "<group>"; };
		98CF583E2BFBDB2400278C8D /* AddExercice.swift */ = {isa = PBXFileReference; lastKnownFileType = sourcecode.swift; path = AddExercice.swift; sourceTree = "<group>"; };
		98CF58422BFBE20500278C8D /* ExerciceViewModel.swift */ = {isa = PBXFileReference; lastKnownFileType = sourcecode.swift; path = ExerciceViewModel.swift; sourceTree = "<group>"; };
		98F8FCD12C348E3E00BE3ACA /* StatModel.swift */ = {isa = PBXFileReference; lastKnownFileType = sourcecode.swift; path = StatModel.swift; sourceTree = "<group>"; };
		98F8FCD52C35C56F00BE3ACA /* RankViewModel.swift */ = {isa = PBXFileReference; lastKnownFileType = sourcecode.swift; path = RankViewModel.swift; sourceTree = "<group>"; };
		98F8FCD72C35C59600BE3ACA /* RankModel.swift */ = {isa = PBXFileReference; lastKnownFileType = sourcecode.swift; path = RankModel.swift; sourceTree = "<group>"; };
		98F8FCDA2C35C89800BE3ACA /* RankCard.swift */ = {isa = PBXFileReference; lastKnownFileType = sourcecode.swift; path = RankCard.swift; sourceTree = "<group>"; };
		98F8FCDC2C37213C00BE3ACA /* Rank.swift */ = {isa = PBXFileReference; lastKnownFileType = sourcecode.swift; path = Rank.swift; sourceTree = "<group>"; };
		98FF2D0E2C922CD400D86ACA /* TrophyModel.swift */ = {isa = PBXFileReference; lastKnownFileType = sourcecode.swift; path = TrophyModel.swift; sourceTree = "<group>"; };
		A4CF59A9C7D735EC793E2774 /* Pods-MuscleUp-MuscleUpUITests.debug.xcconfig */ = {isa = PBXFileReference; includeInIndex = 1; lastKnownFileType = text.xcconfig; name = "Pods-MuscleUp-MuscleUpUITests.debug.xcconfig"; path = "Target Support Files/Pods-MuscleUp-MuscleUpUITests/Pods-MuscleUp-MuscleUpUITests.debug.xcconfig"; sourceTree = "<group>"; };
		E31F2849B7E33BCFD33C0F16 /* Pods-MuscleUp.debug.xcconfig */ = {isa = PBXFileReference; includeInIndex = 1; lastKnownFileType = text.xcconfig; name = "Pods-MuscleUp.debug.xcconfig"; path = "Target Support Files/Pods-MuscleUp/Pods-MuscleUp.debug.xcconfig"; sourceTree = "<group>"; };
		FE01BFF92D6F04F7B4ACF00B /* Pods-MuscleUpTests.debug.xcconfig */ = {isa = PBXFileReference; includeInIndex = 1; lastKnownFileType = text.xcconfig; name = "Pods-MuscleUpTests.debug.xcconfig"; path = "Target Support Files/Pods-MuscleUpTests/Pods-MuscleUpTests.debug.xcconfig"; sourceTree = "<group>"; };
/* End PBXFileReference section */

/* Begin PBXFrameworksBuildPhase section */
		98BC37692BCAA05C00F0880C /* Frameworks */ = {
			isa = PBXFrameworksBuildPhase;
			buildActionMask = 2147483647;
			files = (
				C35609FF16BBD4E454968C51 /* Pods_MuscleUp.framework in Frameworks */,
			);
			runOnlyForDeploymentPostprocessing = 0;
		};
		98BC37792BCAA05E00F0880C /* Frameworks */ = {
			isa = PBXFrameworksBuildPhase;
			buildActionMask = 2147483647;
			files = (
				0F03588A045082EED37F4E74 /* Pods_MuscleUpTests.framework in Frameworks */,
			);
			runOnlyForDeploymentPostprocessing = 0;
		};
		98BC37832BCAA05E00F0880C /* Frameworks */ = {
			isa = PBXFrameworksBuildPhase;
			buildActionMask = 2147483647;
			files = (
				DC72CFF01578A73C45F4B117 /* Pods_MuscleUp_MuscleUpUITests.framework in Frameworks */,
			);
			runOnlyForDeploymentPostprocessing = 0;
		};
/* End PBXFrameworksBuildPhase section */

/* Begin PBXGroup section */
		984372772C8117820033AE2C /* Exercice */ = {
			isa = PBXGroup;
			children = (
				9847B2E02C76767E002125E3 /* ExercicesHistory.swift */,
				9847B2E62C768690002125E3 /* ExerciceHistory.swift */,
			);
			path = Exercice;
			sourceTree = "<group>";
		};
		984372782C8117AE0033AE2C /* Session */ = {
			isa = PBXGroup;
			children = (
				9847B2DE2C767653002125E3 /* SessionsHistory.swift */,
				9843727B2C811BA90033AE2C /* SessionHistory.swift */,
			);
			path = Session;
			sourceTree = "<group>";
		};
		9869AAA22C24B81700E27E8B /* Profile */ = {
			isa = PBXGroup;
			children = (
				984372782C8117AE0033AE2C /* Session */,
				984372772C8117820033AE2C /* Exercice */,
				98CAF0852C2DB34C005D298B /* Params.swift */,
				98BC37BB2BCAA1C500F0880C /* Profile.swift */,
				9869AAA32C24B82C00E27E8B /* StatsCard.swift */,
				9869AAA52C24BE9100E27E8B /* ListCard.swift */,
				98CAF0832C2C7472005D298B /* ModifyProfile.swift */,
			);
			path = Profile;
			sourceTree = "<group>";
		};
		98BC37632BCAA05C00F0880C = {
			isa = PBXGroup;
			children = (
				98BC376E2BCAA05C00F0880C /* MuscleUp */,
				98BC377F2BCAA05E00F0880C /* MuscleUpTests */,
				98BC37892BCAA05E00F0880C /* MuscleUpUITests */,
				98BC376D2BCAA05C00F0880C /* Products */,
				B92A4BCA8E1DA706333D2AC2 /* Pods */,
				EC1537772522340803AD7B7B /* Frameworks */,
			);
			sourceTree = "<group>";
		};
		98BC376D2BCAA05C00F0880C /* Products */ = {
			isa = PBXGroup;
			children = (
				98BC376C2BCAA05C00F0880C /* MuscleUp.app */,
				98BC377C2BCAA05E00F0880C /* MuscleUpTests.xctest */,
				98BC37862BCAA05E00F0880C /* MuscleUpUITests.xctest */,
			);
			name = Products;
			sourceTree = "<group>";
		};
		98BC376E2BCAA05C00F0880C /* MuscleUp */ = {
			isa = PBXGroup;
			children = (
				980B0F4D2C29BCA600B1108D /* MuscleUp.entitlements */,
				98BC379E2BCAA0BF00F0880C /* ViewModel */,
				98BC379D2BCAA0BB00F0880C /* View */,
				98BC379C2BCAA0B600F0880C /* Service */,
				98BC379B2BCAA0B000F0880C /* Model */,
				98BC379A2BCAA0AA00F0880C /* Manager */,
				98BC37992BCAA0A400F0880C /* Helpers */,
				98BC376F2BCAA05C00F0880C /* MuscleUpApp.swift */,
				98BC37712BCAA05C00F0880C /* ContentView.swift */,
				98BC37732BCAA05E00F0880C /* Assets.xcassets */,
				98BC37752BCAA05E00F0880C /* Preview Content */,
			);
			path = MuscleUp;
			sourceTree = "<group>";
		};
		98BC37752BCAA05E00F0880C /* Preview Content */ = {
			isa = PBXGroup;
			children = (
				98BC37762BCAA05E00F0880C /* Preview Assets.xcassets */,
			);
			path = "Preview Content";
			sourceTree = "<group>";
		};
		98BC377F2BCAA05E00F0880C /* MuscleUpTests */ = {
			isa = PBXGroup;
			children = (
				98BC37802BCAA05E00F0880C /* MuscleUpTests.swift */,
			);
			path = MuscleUpTests;
			sourceTree = "<group>";
		};
		98BC37892BCAA05E00F0880C /* MuscleUpUITests */ = {
			isa = PBXGroup;
			children = (
				98BC378A2BCAA05E00F0880C /* MuscleUpUITests.swift */,
				98BC378C2BCAA05E00F0880C /* MuscleUpUITestsLaunchTests.swift */,
			);
			path = MuscleUpUITests;
			sourceTree = "<group>";
		};
		98BC37992BCAA0A400F0880C /* Helpers */ = {
			isa = PBXGroup;
			children = (
				98BC37D12BCAA27700F0880C /* View+Extensions.swift */,
				98F8FCDC2C37213C00BE3ACA /* Rank.swift */,
				984372792C8118A70033AE2C /* Date.swift */,
			);
			path = Helpers;
			sourceTree = "<group>";
		};
		98BC379A2BCAA0AA00F0880C /* Manager */ = {
			isa = PBXGroup;
			children = (
				98BC37D32BCAA28600F0880C /* LoginManager.swift */,
			);
			path = Manager;
			sourceTree = "<group>";
		};
		98BC379B2BCAA0B000F0880C /* Model */ = {
			isa = PBXGroup;
			children = (
				98BC37C52BCAA21800F0880C /* GymModel.swift */,
				98BC37C72BCAA22200F0880C /* LoginModel.swift */,
				98BC37C92BCAA23200F0880C /* MuscleUpResponse.swift */,
				98BC37CB2BCAA25200F0880C /* RegisterModel.swift */,
				98BC37CD2BCAA25D00F0880C /* SessionModel.swift */,
				9833043A2BCDC56B00F6F94E /* ExerciceModel.swift */,
				9847B2E22C767A12002125E3 /* ExerciceHistoryModel.swift */,
				983304382BCDC52700F6F94E /* SerieModel.swift */,
				98BC37CF2BCAA26700F0880C /* UserModel.swift */,
				98F8FCD12C348E3E00BE3ACA /* StatModel.swift */,
				98F8FCD72C35C59600BE3ACA /* RankModel.swift */,
				98FF2D0E2C922CD400D86ACA /* TrophyModel.swift */,
			);
			path = Model;
			sourceTree = "<group>";
		};
		98BC379C2BCAA0B600F0880C /* Service */ = {
			isa = PBXGroup;
			children = (
				98BC37D52BCAA29500F0880C /* Request.swift */,
			);
			path = Service;
			sourceTree = "<group>";
		};
		98BC379D2BCAA0BB00F0880C /* View */ = {
			isa = PBXGroup;
			children = (
				98F8FCD92C35C87800BE3ACA /* Home */,
				98CAF0892C2EEBEE005D298B /* Gym */,
				9869AAA22C24B81700E27E8B /* Profile */,
				98BC37B22BCAA18000F0880C /* Session */,
				98BC37A92BCAA12100F0880C /* Components */,
				98BC379F2BCAA0DF00F0880C /* Auth */,
				98BC37BD2BCAA1D100F0880C /* Root.swift */,
			);
			path = View;
			sourceTree = "<group>";
		};
		98BC379E2BCAA0BF00F0880C /* ViewModel */ = {
			isa = PBXGroup;
			children = (
				98BC37BF2BCAA1E800F0880C /* AuthViewModel.swift */,
				98BC37C12BCAA1F500F0880C /* GymViewModel.swift */,
				98BC37C32BCAA20100F0880C /* MuscleUpViewModel.swift */,
				98CF58422BFBE20500278C8D /* ExerciceViewModel.swift */,
				98F8FCD52C35C56F00BE3ACA /* RankViewModel.swift */,
				9869AAA02C22198300E27E8B /* SessionViewModel.swift */,
				98CAF0812C2C6FFC005D298B /* UserViewModel.swift */,
			);
			path = ViewModel;
			sourceTree = "<group>";
		};
		98BC379F2BCAA0DF00F0880C /* Auth */ = {
			isa = PBXGroup;
			children = (
				98BC37A02BCAA0EA00F0880C /* Login.swift */,
				98BC37A32BCAA0FC00F0880C /* SignUp.swift */,
				98BC37A52BCAA10B00F0880C /* ForgotPassword.swift */,
				98BC37A72BCAA11800F0880C /* PasswordResetView.swift */,
			);
			path = Auth;
			sourceTree = "<group>";
		};
		98BC37A92BCAA12100F0880C /* Components */ = {
			isa = PBXGroup;
			children = (
				98BC37AC2BCAA16000F0880C /* CustomTextField.swift */,
				98BC37AE2BCAA16E00F0880C /* PrimaryButton.swift */,
				98BC37B02BCAA17800F0880C /* HeaderView.swift */,
				980B0F4B2C29B88300B1108D /* NfcButton.swift */,
			);
			path = Components;
			sourceTree = "<group>";
		};
		98BC37B22BCAA18000F0880C /* Session */ = {
			isa = PBXGroup;
			children = (
				98BC37B32BCAA18B00F0880C /* SessionDetail.swift */,
				98BC37B52BCAA19900F0880C /* AddSession.swift */,
				98BC37B72BCAA1A400F0880C /* Session.swift */,
				98CF583E2BFBDB2400278C8D /* AddExercice.swift */,
				98AB7D2F2C11E29D00695D84 /* ExerciceDetail.swift */,
				98AB7D312C11EC0E00695D84 /* SerieDetail.swift */,
			);
			path = Session;
			sourceTree = "<group>";
		};
		98CAF0892C2EEBEE005D298B /* Gym */ = {
			isa = PBXGroup;
			children = (
				98CAF0872C2EDE7D005D298B /* MyGyms.swift */,
				98CAF08A2C2EEC04005D298B /* AddGym.swift */,
			);
			path = Gym;
			sourceTree = "<group>";
		};
		98F8FCD92C35C87800BE3ACA /* Home */ = {
			isa = PBXGroup;
			children = (
				98BC37B92BCAA1BC00F0880C /* Home.swift */,
				98F8FCDA2C35C89800BE3ACA /* RankCard.swift */,
			);
			path = Home;
			sourceTree = "<group>";
		};
		B92A4BCA8E1DA706333D2AC2 /* Pods */ = {
			isa = PBXGroup;
			children = (
				E31F2849B7E33BCFD33C0F16 /* Pods-MuscleUp.debug.xcconfig */,
				5479BC7F056761A625D79549 /* Pods-MuscleUp.release.xcconfig */,
				A4CF59A9C7D735EC793E2774 /* Pods-MuscleUp-MuscleUpUITests.debug.xcconfig */,
				289DA4D546A362407235BACA /* Pods-MuscleUp-MuscleUpUITests.release.xcconfig */,
				FE01BFF92D6F04F7B4ACF00B /* Pods-MuscleUpTests.debug.xcconfig */,
				212D151555B646499FE435C8 /* Pods-MuscleUpTests.release.xcconfig */,
			);
			path = Pods;
			sourceTree = "<group>";
		};
		EC1537772522340803AD7B7B /* Frameworks */ = {
			isa = PBXGroup;
			children = (
				13D2E900802C0AFA64279EB2 /* Pods_MuscleUp.framework */,
				620A05AE749DCF9B2BA5FE72 /* Pods_MuscleUp_MuscleUpUITests.framework */,
				6434EADEC1A0204F6ECCC3FC /* Pods_MuscleUpTests.framework */,
			);
			name = Frameworks;
			sourceTree = "<group>";
		};
/* End PBXGroup section */

/* Begin PBXNativeTarget section */
		98BC376B2BCAA05C00F0880C /* MuscleUp */ = {
			isa = PBXNativeTarget;
			buildConfigurationList = 98BC37902BCAA05E00F0880C /* Build configuration list for PBXNativeTarget "MuscleUp" */;
			buildPhases = (
				8C7E7A75D41B77D6B532A74C /* [CP] Check Pods Manifest.lock */,
				98BC37682BCAA05C00F0880C /* Sources */,
				98BC37692BCAA05C00F0880C /* Frameworks */,
				98BC376A2BCAA05C00F0880C /* Resources */,
				4AF2ED8B8328DD86509AD327 /* [CP] Embed Pods Frameworks */,
			);
			buildRules = (
			);
			dependencies = (
			);
			name = MuscleUp;
			productName = MuscleUp;
			productReference = 98BC376C2BCAA05C00F0880C /* MuscleUp.app */;
			productType = "com.apple.product-type.application";
		};
		98BC377B2BCAA05E00F0880C /* MuscleUpTests */ = {
			isa = PBXNativeTarget;
			buildConfigurationList = 98BC37932BCAA05E00F0880C /* Build configuration list for PBXNativeTarget "MuscleUpTests" */;
			buildPhases = (
				7F039F37E5AD9B8958457B74 /* [CP] Check Pods Manifest.lock */,
				98BC37782BCAA05E00F0880C /* Sources */,
				98BC37792BCAA05E00F0880C /* Frameworks */,
				98BC377A2BCAA05E00F0880C /* Resources */,
			);
			buildRules = (
			);
			dependencies = (
				98BC377E2BCAA05E00F0880C /* PBXTargetDependency */,
			);
			name = MuscleUpTests;
			productName = MuscleUpTests;
			productReference = 98BC377C2BCAA05E00F0880C /* MuscleUpTests.xctest */;
			productType = "com.apple.product-type.bundle.unit-test";
		};
		98BC37852BCAA05E00F0880C /* MuscleUpUITests */ = {
			isa = PBXNativeTarget;
			buildConfigurationList = 98BC37962BCAA05E00F0880C /* Build configuration list for PBXNativeTarget "MuscleUpUITests" */;
			buildPhases = (
				E1130B5C21C3E4C955DC66E3 /* [CP] Check Pods Manifest.lock */,
				98BC37822BCAA05E00F0880C /* Sources */,
				98BC37832BCAA05E00F0880C /* Frameworks */,
				98BC37842BCAA05E00F0880C /* Resources */,
				DF3D3175A796C019BBC2F495 /* [CP] Embed Pods Frameworks */,
			);
			buildRules = (
			);
			dependencies = (
				98BC37882BCAA05E00F0880C /* PBXTargetDependency */,
			);
			name = MuscleUpUITests;
			productName = MuscleUpUITests;
			productReference = 98BC37862BCAA05E00F0880C /* MuscleUpUITests.xctest */;
			productType = "com.apple.product-type.bundle.ui-testing";
		};
/* End PBXNativeTarget section */

/* Begin PBXProject section */
		98BC37642BCAA05C00F0880C /* Project object */ = {
			isa = PBXProject;
			attributes = {
				BuildIndependentTargetsInParallel = 1;
				LastSwiftUpdateCheck = 1530;
				LastUpgradeCheck = 1530;
				TargetAttributes = {
					98BC376B2BCAA05C00F0880C = {
						CreatedOnToolsVersion = 15.3;
					};
					98BC377B2BCAA05E00F0880C = {
						CreatedOnToolsVersion = 15.3;
						TestTargetID = 98BC376B2BCAA05C00F0880C;
					};
					98BC37852BCAA05E00F0880C = {
						CreatedOnToolsVersion = 15.3;
						TestTargetID = 98BC376B2BCAA05C00F0880C;
					};
				};
			};
			buildConfigurationList = 98BC37672BCAA05C00F0880C /* Build configuration list for PBXProject "MuscleUp" */;
			compatibilityVersion = "Xcode 14.0";
			developmentRegion = en;
			hasScannedForEncodings = 0;
			knownRegions = (
				en,
				Base,
			);
			mainGroup = 98BC37632BCAA05C00F0880C;
			productRefGroup = 98BC376D2BCAA05C00F0880C /* Products */;
			projectDirPath = "";
			projectRoot = "";
			targets = (
				98BC376B2BCAA05C00F0880C /* MuscleUp */,
				98BC377B2BCAA05E00F0880C /* MuscleUpTests */,
				98BC37852BCAA05E00F0880C /* MuscleUpUITests */,
			);
		};
/* End PBXProject section */

/* Begin PBXResourcesBuildPhase section */
		98BC376A2BCAA05C00F0880C /* Resources */ = {
			isa = PBXResourcesBuildPhase;
			buildActionMask = 2147483647;
			files = (
				98BC37772BCAA05E00F0880C /* Preview Assets.xcassets in Resources */,
				98BC37742BCAA05E00F0880C /* Assets.xcassets in Resources */,
			);
			runOnlyForDeploymentPostprocessing = 0;
		};
		98BC377A2BCAA05E00F0880C /* Resources */ = {
			isa = PBXResourcesBuildPhase;
			buildActionMask = 2147483647;
			files = (
			);
			runOnlyForDeploymentPostprocessing = 0;
		};
		98BC37842BCAA05E00F0880C /* Resources */ = {
			isa = PBXResourcesBuildPhase;
			buildActionMask = 2147483647;
			files = (
			);
			runOnlyForDeploymentPostprocessing = 0;
		};
/* End PBXResourcesBuildPhase section */

/* Begin PBXShellScriptBuildPhase section */
		4AF2ED8B8328DD86509AD327 /* [CP] Embed Pods Frameworks */ = {
			isa = PBXShellScriptBuildPhase;
			buildActionMask = 2147483647;
			files = (
			);
			inputFileListPaths = (
				"${PODS_ROOT}/Target Support Files/Pods-MuscleUp/Pods-MuscleUp-frameworks-${CONFIGURATION}-input-files.xcfilelist",
			);
			name = "[CP] Embed Pods Frameworks";
			outputFileListPaths = (
				"${PODS_ROOT}/Target Support Files/Pods-MuscleUp/Pods-MuscleUp-frameworks-${CONFIGURATION}-output-files.xcfilelist",
			);
			runOnlyForDeploymentPostprocessing = 0;
			shellPath = /bin/sh;
			shellScript = "\"${PODS_ROOT}/Target Support Files/Pods-MuscleUp/Pods-MuscleUp-frameworks.sh\"\n";
			showEnvVarsInLog = 0;
		};
		7F039F37E5AD9B8958457B74 /* [CP] Check Pods Manifest.lock */ = {
			isa = PBXShellScriptBuildPhase;
			buildActionMask = 2147483647;
			files = (
			);
			inputFileListPaths = (
			);
			inputPaths = (
				"${PODS_PODFILE_DIR_PATH}/Podfile.lock",
				"${PODS_ROOT}/Manifest.lock",
			);
			name = "[CP] Check Pods Manifest.lock";
			outputFileListPaths = (
			);
			outputPaths = (
				"$(DERIVED_FILE_DIR)/Pods-MuscleUpTests-checkManifestLockResult.txt",
			);
			runOnlyForDeploymentPostprocessing = 0;
			shellPath = /bin/sh;
			shellScript = "diff \"${PODS_PODFILE_DIR_PATH}/Podfile.lock\" \"${PODS_ROOT}/Manifest.lock\" > /dev/null\nif [ $? != 0 ] ; then\n    # print error to STDERR\n    echo \"error: The sandbox is not in sync with the Podfile.lock. Run 'pod install' or update your CocoaPods installation.\" >&2\n    exit 1\nfi\n# This output is used by Xcode 'outputs' to avoid re-running this script phase.\necho \"SUCCESS\" > \"${SCRIPT_OUTPUT_FILE_0}\"\n";
			showEnvVarsInLog = 0;
		};
		8C7E7A75D41B77D6B532A74C /* [CP] Check Pods Manifest.lock */ = {
			isa = PBXShellScriptBuildPhase;
			buildActionMask = 2147483647;
			files = (
			);
			inputFileListPaths = (
			);
			inputPaths = (
				"${PODS_PODFILE_DIR_PATH}/Podfile.lock",
				"${PODS_ROOT}/Manifest.lock",
			);
			name = "[CP] Check Pods Manifest.lock";
			outputFileListPaths = (
			);
			outputPaths = (
				"$(DERIVED_FILE_DIR)/Pods-MuscleUp-checkManifestLockResult.txt",
			);
			runOnlyForDeploymentPostprocessing = 0;
			shellPath = /bin/sh;
			shellScript = "diff \"${PODS_PODFILE_DIR_PATH}/Podfile.lock\" \"${PODS_ROOT}/Manifest.lock\" > /dev/null\nif [ $? != 0 ] ; then\n    # print error to STDERR\n    echo \"error: The sandbox is not in sync with the Podfile.lock. Run 'pod install' or update your CocoaPods installation.\" >&2\n    exit 1\nfi\n# This output is used by Xcode 'outputs' to avoid re-running this script phase.\necho \"SUCCESS\" > \"${SCRIPT_OUTPUT_FILE_0}\"\n";
			showEnvVarsInLog = 0;
		};
		DF3D3175A796C019BBC2F495 /* [CP] Embed Pods Frameworks */ = {
			isa = PBXShellScriptBuildPhase;
			buildActionMask = 2147483647;
			files = (
			);
			inputFileListPaths = (
				"${PODS_ROOT}/Target Support Files/Pods-MuscleUp-MuscleUpUITests/Pods-MuscleUp-MuscleUpUITests-frameworks-${CONFIGURATION}-input-files.xcfilelist",
			);
			name = "[CP] Embed Pods Frameworks";
			outputFileListPaths = (
				"${PODS_ROOT}/Target Support Files/Pods-MuscleUp-MuscleUpUITests/Pods-MuscleUp-MuscleUpUITests-frameworks-${CONFIGURATION}-output-files.xcfilelist",
			);
			runOnlyForDeploymentPostprocessing = 0;
			shellPath = /bin/sh;
			shellScript = "\"${PODS_ROOT}/Target Support Files/Pods-MuscleUp-MuscleUpUITests/Pods-MuscleUp-MuscleUpUITests-frameworks.sh\"\n";
			showEnvVarsInLog = 0;
		};
		E1130B5C21C3E4C955DC66E3 /* [CP] Check Pods Manifest.lock */ = {
			isa = PBXShellScriptBuildPhase;
			buildActionMask = 2147483647;
			files = (
			);
			inputFileListPaths = (
			);
			inputPaths = (
				"${PODS_PODFILE_DIR_PATH}/Podfile.lock",
				"${PODS_ROOT}/Manifest.lock",
			);
			name = "[CP] Check Pods Manifest.lock";
			outputFileListPaths = (
			);
			outputPaths = (
				"$(DERIVED_FILE_DIR)/Pods-MuscleUp-MuscleUpUITests-checkManifestLockResult.txt",
			);
			runOnlyForDeploymentPostprocessing = 0;
			shellPath = /bin/sh;
			shellScript = "diff \"${PODS_PODFILE_DIR_PATH}/Podfile.lock\" \"${PODS_ROOT}/Manifest.lock\" > /dev/null\nif [ $? != 0 ] ; then\n    # print error to STDERR\n    echo \"error: The sandbox is not in sync with the Podfile.lock. Run 'pod install' or update your CocoaPods installation.\" >&2\n    exit 1\nfi\n# This output is used by Xcode 'outputs' to avoid re-running this script phase.\necho \"SUCCESS\" > \"${SCRIPT_OUTPUT_FILE_0}\"\n";
			showEnvVarsInLog = 0;
		};
/* End PBXShellScriptBuildPhase section */

/* Begin PBXSourcesBuildPhase section */
		98BC37682BCAA05C00F0880C /* Sources */ = {
			isa = PBXSourcesBuildPhase;
			buildActionMask = 2147483647;
			files = (
				98BC37A12BCAA0EA00F0880C /* Login.swift in Sources */,
				98CAF0862C2DB34C005D298B /* Params.swift in Sources */,
				9833043B2BCDC56B00F6F94E /* ExerciceModel.swift in Sources */,
				98F8FCD82C35C59600BE3ACA /* RankModel.swift in Sources */,
				98BC37CC2BCAA25200F0880C /* RegisterModel.swift in Sources */,
				98BC37CE2BCAA25D00F0880C /* SessionModel.swift in Sources */,
				98CAF08B2C2EEC04005D298B /* AddGym.swift in Sources */,
				98AB7D302C11E29D00695D84 /* ExerciceDetail.swift in Sources */,
				980B0F4C2C29B88300B1108D /* NfcButton.swift in Sources */,
				98BC37C82BCAA22200F0880C /* LoginModel.swift in Sources */,
				98BC37BC2BCAA1C500F0880C /* Profile.swift in Sources */,
				9843727A2C8118A70033AE2C /* Date.swift in Sources */,
				98CF58432BFBE20500278C8D /* ExerciceViewModel.swift in Sources */,
				983304392BCDC52700F6F94E /* SerieModel.swift in Sources */,
				98BC37D42BCAA28600F0880C /* LoginManager.swift in Sources */,
				98F8FCDB2C35C89800BE3ACA /* RankCard.swift in Sources */,
				98BC37A42BCAA0FC00F0880C /* SignUp.swift in Sources */,
				9869AAA12C22198300E27E8B /* SessionViewModel.swift in Sources */,
				98F8FCDD2C37213C00BE3ACA /* Rank.swift in Sources */,
				9843727C2C811BA90033AE2C /* SessionHistory.swift in Sources */,
				98BC37722BCAA05C00F0880C /* ContentView.swift in Sources */,
				98CAF0842C2C7472005D298B /* ModifyProfile.swift in Sources */,
				9869AAA62C24BE9100E27E8B /* ListCard.swift in Sources */,
				9847B2DF2C767653002125E3 /* SessionsHistory.swift in Sources */,
				98BC37D02BCAA26700F0880C /* UserModel.swift in Sources */,
				9847B2E12C76767E002125E3 /* ExercicesHistory.swift in Sources */,
				98CAF0882C2EDE7D005D298B /* MyGyms.swift in Sources */,
				98BC37AF2BCAA16E00F0880C /* PrimaryButton.swift in Sources */,
				98BC37B12BCAA17800F0880C /* HeaderView.swift in Sources */,
				98F8FCD22C348E3E00BE3ACA /* StatModel.swift in Sources */,
				9847B2E32C767A12002125E3 /* ExerciceHistoryModel.swift in Sources */,
				98BC37C62BCAA21800F0880C /* GymModel.swift in Sources */,
				98BC37C02BCAA1E800F0880C /* AuthViewModel.swift in Sources */,
				98BC37BA2BCAA1BC00F0880C /* Home.swift in Sources */,
				98CAF0822C2C6FFC005D298B /* UserViewModel.swift in Sources */,
				98BC37C42BCAA20100F0880C /* MuscleUpViewModel.swift in Sources */,
				98BC37AD2BCAA16000F0880C /* CustomTextField.swift in Sources */,
				98BC37BE2BCAA1D100F0880C /* Root.swift in Sources */,
				9869AAA42C24B82C00E27E8B /* StatsCard.swift in Sources */,
				98BC37B82BCAA1A400F0880C /* Session.swift in Sources */,
				98BC37A82BCAA11800F0880C /* PasswordResetView.swift in Sources */,
				98BC37B62BCAA19900F0880C /* AddSession.swift in Sources */,
				98AB7D322C11EC0E00695D84 /* SerieDetail.swift in Sources */,
				9847B2E72C768690002125E3 /* ExerciceHistory.swift in Sources */,
				98BC37702BCAA05C00F0880C /* MuscleUpApp.swift in Sources */,
				98F8FCD62C35C56F00BE3ACA /* RankViewModel.swift in Sources */,
				98BC37CA2BCAA23200F0880C /* MuscleUpResponse.swift in Sources */,
				98BC37D22BCAA27700F0880C /* View+Extensions.swift in Sources */,
				98CF583F2BFBDB2400278C8D /* AddExercice.swift in Sources */,
				98BC37B42BCAA18B00F0880C /* SessionDetail.swift in Sources */,
				98BC37D62BCAA29500F0880C /* Request.swift in Sources */,
				98FF2D0F2C922CD400D86ACA /* TrophyModel.swift in Sources */,
				98BC37C22BCAA1F500F0880C /* GymViewModel.swift in Sources */,
				98BC37A62BCAA10B00F0880C /* ForgotPassword.swift in Sources */,
			);
			runOnlyForDeploymentPostprocessing = 0;
		};
		98BC37782BCAA05E00F0880C /* Sources */ = {
			isa = PBXSourcesBuildPhase;
			buildActionMask = 2147483647;
			files = (
				98BC37812BCAA05E00F0880C /* MuscleUpTests.swift in Sources */,
			);
			runOnlyForDeploymentPostprocessing = 0;
		};
		98BC37822BCAA05E00F0880C /* Sources */ = {
			isa = PBXSourcesBuildPhase;
			buildActionMask = 2147483647;
			files = (
				98BC378D2BCAA05E00F0880C /* MuscleUpUITestsLaunchTests.swift in Sources */,
				98BC378B2BCAA05E00F0880C /* MuscleUpUITests.swift in Sources */,
			);
			runOnlyForDeploymentPostprocessing = 0;
		};
/* End PBXSourcesBuildPhase section */

/* Begin PBXTargetDependency section */
		98BC377E2BCAA05E00F0880C /* PBXTargetDependency */ = {
			isa = PBXTargetDependency;
			target = 98BC376B2BCAA05C00F0880C /* MuscleUp */;
			targetProxy = 98BC377D2BCAA05E00F0880C /* PBXContainerItemProxy */;
		};
		98BC37882BCAA05E00F0880C /* PBXTargetDependency */ = {
			isa = PBXTargetDependency;
			target = 98BC376B2BCAA05C00F0880C /* MuscleUp */;
			targetProxy = 98BC37872BCAA05E00F0880C /* PBXContainerItemProxy */;
		};
/* End PBXTargetDependency section */

/* Begin XCBuildConfiguration section */
		98BC378E2BCAA05E00F0880C /* Debug */ = {
			isa = XCBuildConfiguration;
			buildSettings = {
				ALWAYS_SEARCH_USER_PATHS = NO;
				ASSETCATALOG_COMPILER_GENERATE_SWIFT_ASSET_SYMBOL_EXTENSIONS = YES;
				CLANG_ANALYZER_NONNULL = YES;
				CLANG_ANALYZER_NUMBER_OBJECT_CONVERSION = YES_AGGRESSIVE;
				CLANG_CXX_LANGUAGE_STANDARD = "gnu++20";
				CLANG_ENABLE_MODULES = YES;
				CLANG_ENABLE_OBJC_ARC = YES;
				CLANG_ENABLE_OBJC_WEAK = YES;
				CLANG_WARN_BLOCK_CAPTURE_AUTORELEASING = YES;
				CLANG_WARN_BOOL_CONVERSION = YES;
				CLANG_WARN_COMMA = YES;
				CLANG_WARN_CONSTANT_CONVERSION = YES;
				CLANG_WARN_DEPRECATED_OBJC_IMPLEMENTATIONS = YES;
				CLANG_WARN_DIRECT_OBJC_ISA_USAGE = YES_ERROR;
				CLANG_WARN_DOCUMENTATION_COMMENTS = YES;
				CLANG_WARN_EMPTY_BODY = YES;
				CLANG_WARN_ENUM_CONVERSION = YES;
				CLANG_WARN_INFINITE_RECURSION = YES;
				CLANG_WARN_INT_CONVERSION = YES;
				CLANG_WARN_NON_LITERAL_NULL_CONVERSION = YES;
				CLANG_WARN_OBJC_IMPLICIT_RETAIN_SELF = YES;
				CLANG_WARN_OBJC_LITERAL_CONVERSION = YES;
				CLANG_WARN_OBJC_ROOT_CLASS = YES_ERROR;
				CLANG_WARN_QUOTED_INCLUDE_IN_FRAMEWORK_HEADER = YES;
				CLANG_WARN_RANGE_LOOP_ANALYSIS = YES;
				CLANG_WARN_STRICT_PROTOTYPES = YES;
				CLANG_WARN_SUSPICIOUS_MOVE = YES;
				CLANG_WARN_UNGUARDED_AVAILABILITY = YES_AGGRESSIVE;
				CLANG_WARN_UNREACHABLE_CODE = YES;
				CLANG_WARN__DUPLICATE_METHOD_MATCH = YES;
				COPY_PHASE_STRIP = NO;
				DEBUG_INFORMATION_FORMAT = dwarf;
				ENABLE_STRICT_OBJC_MSGSEND = YES;
				ENABLE_TESTABILITY = YES;
				ENABLE_USER_SCRIPT_SANDBOXING = YES;
				GCC_C_LANGUAGE_STANDARD = gnu17;
				GCC_DYNAMIC_NO_PIC = NO;
				GCC_NO_COMMON_BLOCKS = YES;
				GCC_OPTIMIZATION_LEVEL = 0;
				GCC_PREPROCESSOR_DEFINITIONS = (
					"DEBUG=1",
					"$(inherited)",
				);
				GCC_WARN_64_TO_32_BIT_CONVERSION = YES;
				GCC_WARN_ABOUT_RETURN_TYPE = YES_ERROR;
				GCC_WARN_UNDECLARED_SELECTOR = YES;
				GCC_WARN_UNINITIALIZED_AUTOS = YES_AGGRESSIVE;
				GCC_WARN_UNUSED_FUNCTION = YES;
				GCC_WARN_UNUSED_VARIABLE = YES;
				IPHONEOS_DEPLOYMENT_TARGET = 17.4;
				LOCALIZATION_PREFERS_STRING_CATALOGS = YES;
				MTL_ENABLE_DEBUG_INFO = INCLUDE_SOURCE;
				MTL_FAST_MATH = YES;
				ONLY_ACTIVE_ARCH = YES;
				SDKROOT = iphoneos;
				SWIFT_ACTIVE_COMPILATION_CONDITIONS = "DEBUG $(inherited)";
				SWIFT_OPTIMIZATION_LEVEL = "-Onone";
			};
			name = Debug;
		};
		98BC378F2BCAA05E00F0880C /* Release */ = {
			isa = XCBuildConfiguration;
			buildSettings = {
				ALWAYS_SEARCH_USER_PATHS = NO;
				ASSETCATALOG_COMPILER_GENERATE_SWIFT_ASSET_SYMBOL_EXTENSIONS = YES;
				CLANG_ANALYZER_NONNULL = YES;
				CLANG_ANALYZER_NUMBER_OBJECT_CONVERSION = YES_AGGRESSIVE;
				CLANG_CXX_LANGUAGE_STANDARD = "gnu++20";
				CLANG_ENABLE_MODULES = YES;
				CLANG_ENABLE_OBJC_ARC = YES;
				CLANG_ENABLE_OBJC_WEAK = YES;
				CLANG_WARN_BLOCK_CAPTURE_AUTORELEASING = YES;
				CLANG_WARN_BOOL_CONVERSION = YES;
				CLANG_WARN_COMMA = YES;
				CLANG_WARN_CONSTANT_CONVERSION = YES;
				CLANG_WARN_DEPRECATED_OBJC_IMPLEMENTATIONS = YES;
				CLANG_WARN_DIRECT_OBJC_ISA_USAGE = YES_ERROR;
				CLANG_WARN_DOCUMENTATION_COMMENTS = YES;
				CLANG_WARN_EMPTY_BODY = YES;
				CLANG_WARN_ENUM_CONVERSION = YES;
				CLANG_WARN_INFINITE_RECURSION = YES;
				CLANG_WARN_INT_CONVERSION = YES;
				CLANG_WARN_NON_LITERAL_NULL_CONVERSION = YES;
				CLANG_WARN_OBJC_IMPLICIT_RETAIN_SELF = YES;
				CLANG_WARN_OBJC_LITERAL_CONVERSION = YES;
				CLANG_WARN_OBJC_ROOT_CLASS = YES_ERROR;
				CLANG_WARN_QUOTED_INCLUDE_IN_FRAMEWORK_HEADER = YES;
				CLANG_WARN_RANGE_LOOP_ANALYSIS = YES;
				CLANG_WARN_STRICT_PROTOTYPES = YES;
				CLANG_WARN_SUSPICIOUS_MOVE = YES;
				CLANG_WARN_UNGUARDED_AVAILABILITY = YES_AGGRESSIVE;
				CLANG_WARN_UNREACHABLE_CODE = YES;
				CLANG_WARN__DUPLICATE_METHOD_MATCH = YES;
				COPY_PHASE_STRIP = NO;
				DEBUG_INFORMATION_FORMAT = "dwarf-with-dsym";
				ENABLE_NS_ASSERTIONS = NO;
				ENABLE_STRICT_OBJC_MSGSEND = YES;
				ENABLE_USER_SCRIPT_SANDBOXING = YES;
				GCC_C_LANGUAGE_STANDARD = gnu17;
				GCC_NO_COMMON_BLOCKS = YES;
				GCC_WARN_64_TO_32_BIT_CONVERSION = YES;
				GCC_WARN_ABOUT_RETURN_TYPE = YES_ERROR;
				GCC_WARN_UNDECLARED_SELECTOR = YES;
				GCC_WARN_UNINITIALIZED_AUTOS = YES_AGGRESSIVE;
				GCC_WARN_UNUSED_FUNCTION = YES;
				GCC_WARN_UNUSED_VARIABLE = YES;
				IPHONEOS_DEPLOYMENT_TARGET = 17.4;
				LOCALIZATION_PREFERS_STRING_CATALOGS = YES;
				MTL_ENABLE_DEBUG_INFO = NO;
				MTL_FAST_MATH = YES;
				SDKROOT = iphoneos;
				SWIFT_COMPILATION_MODE = wholemodule;
				VALIDATE_PRODUCT = YES;
			};
			name = Release;
		};
		98BC37912BCAA05E00F0880C /* Debug */ = {
			isa = XCBuildConfiguration;
			baseConfigurationReference = E31F2849B7E33BCFD33C0F16 /* Pods-MuscleUp.debug.xcconfig */;
			buildSettings = {
				ASSETCATALOG_COMPILER_APPICON_NAME = AppIcon;
				ASSETCATALOG_COMPILER_GLOBAL_ACCENT_COLOR_NAME = AccentColor;
				CODE_SIGN_ENTITLEMENTS = MuscleUp/MuscleUp.entitlements;
				CODE_SIGN_STYLE = Automatic;
				CURRENT_PROJECT_VERSION = 1;
				DEVELOPMENT_ASSET_PATHS = "\"MuscleUp/Preview Content\"";
				DEVELOPMENT_TEAM = MKU9V22KT6;
				ENABLE_PREVIEWS = YES;
				ENABLE_USER_SCRIPT_SANDBOXING = NO;
				GENERATE_INFOPLIST_FILE = YES;
				INFOPLIST_KEY_UIApplicationSceneManifest_Generation = YES;
				INFOPLIST_KEY_UIApplicationSupportsIndirectInputEvents = YES;
				INFOPLIST_KEY_UILaunchScreen_Generation = YES;
				INFOPLIST_KEY_UISupportedInterfaceOrientations_iPad = "UIInterfaceOrientationPortrait UIInterfaceOrientationPortraitUpsideDown UIInterfaceOrientationLandscapeLeft UIInterfaceOrientationLandscapeRight";
				INFOPLIST_KEY_UISupportedInterfaceOrientations_iPhone = "UIInterfaceOrientationPortrait UIInterfaceOrientationLandscapeLeft UIInterfaceOrientationLandscapeRight";
				LD_RUNPATH_SEARCH_PATHS = (
					"$(inherited)",
					"@executable_path/Frameworks",
				);
				MARKETING_VERSION = 1.0;
				PRODUCT_BUNDLE_IDENTIFIER = com.bbattu.MuscleUp;
				PRODUCT_NAME = "$(TARGET_NAME)";
				SWIFT_EMIT_LOC_STRINGS = YES;
				SWIFT_VERSION = 5.0;
				TARGETED_DEVICE_FAMILY = "1,2";
			};
			name = Debug;
		};
		98BC37922BCAA05E00F0880C /* Release */ = {
			isa = XCBuildConfiguration;
			baseConfigurationReference = 5479BC7F056761A625D79549 /* Pods-MuscleUp.release.xcconfig */;
			buildSettings = {
				ASSETCATALOG_COMPILER_APPICON_NAME = AppIcon;
				ASSETCATALOG_COMPILER_GLOBAL_ACCENT_COLOR_NAME = AccentColor;
				CODE_SIGN_ENTITLEMENTS = MuscleUp/MuscleUp.entitlements;
				CODE_SIGN_STYLE = Automatic;
				CURRENT_PROJECT_VERSION = 1;
				DEVELOPMENT_ASSET_PATHS = "\"MuscleUp/Preview Content\"";
				DEVELOPMENT_TEAM = MKU9V22KT6;
				ENABLE_PREVIEWS = YES;
				ENABLE_USER_SCRIPT_SANDBOXING = NO;
				GENERATE_INFOPLIST_FILE = YES;
				INFOPLIST_KEY_UIApplicationSceneManifest_Generation = YES;
				INFOPLIST_KEY_UIApplicationSupportsIndirectInputEvents = YES;
				INFOPLIST_KEY_UILaunchScreen_Generation = YES;
				INFOPLIST_KEY_UISupportedInterfaceOrientations_iPad = "UIInterfaceOrientationPortrait UIInterfaceOrientationPortraitUpsideDown UIInterfaceOrientationLandscapeLeft UIInterfaceOrientationLandscapeRight";
				INFOPLIST_KEY_UISupportedInterfaceOrientations_iPhone = "UIInterfaceOrientationPortrait UIInterfaceOrientationLandscapeLeft UIInterfaceOrientationLandscapeRight";
				LD_RUNPATH_SEARCH_PATHS = (
					"$(inherited)",
					"@executable_path/Frameworks",
				);
				MARKETING_VERSION = 1.0;
				PRODUCT_BUNDLE_IDENTIFIER = com.bbattu.MuscleUp;
				PRODUCT_NAME = "$(TARGET_NAME)";
				SWIFT_EMIT_LOC_STRINGS = YES;
				SWIFT_VERSION = 5.0;
				TARGETED_DEVICE_FAMILY = "1,2";
			};
			name = Release;
		};
		98BC37942BCAA05E00F0880C /* Debug */ = {
			isa = XCBuildConfiguration;
			baseConfigurationReference = FE01BFF92D6F04F7B4ACF00B /* Pods-MuscleUpTests.debug.xcconfig */;
			buildSettings = {
				ALWAYS_EMBED_SWIFT_STANDARD_LIBRARIES = YES;
				BUNDLE_LOADER = "$(TEST_HOST)";
				CODE_SIGN_STYLE = Automatic;
				CURRENT_PROJECT_VERSION = 1;
				DEVELOPMENT_TEAM = MKU9V22KT6;
				ENABLE_USER_SCRIPT_SANDBOXING = NO;
				GENERATE_INFOPLIST_FILE = YES;
				IPHONEOS_DEPLOYMENT_TARGET = 17.4;
				MARKETING_VERSION = 1.0;
				PRODUCT_BUNDLE_IDENTIFIER = com.bbattu.MuscleUpTests;
				PRODUCT_NAME = "$(TARGET_NAME)";
				SWIFT_EMIT_LOC_STRINGS = NO;
				SWIFT_VERSION = 5.0;
				TARGETED_DEVICE_FAMILY = "1,2";
				TEST_HOST = "$(BUILT_PRODUCTS_DIR)/MuscleUp.app/$(BUNDLE_EXECUTABLE_FOLDER_PATH)/MuscleUp";
			};
			name = Debug;
		};
		98BC37952BCAA05E00F0880C /* Release */ = {
			isa = XCBuildConfiguration;
			baseConfigurationReference = 212D151555B646499FE435C8 /* Pods-MuscleUpTests.release.xcconfig */;
			buildSettings = {
				ALWAYS_EMBED_SWIFT_STANDARD_LIBRARIES = YES;
				BUNDLE_LOADER = "$(TEST_HOST)";
				CODE_SIGN_STYLE = Automatic;
				CURRENT_PROJECT_VERSION = 1;
				DEVELOPMENT_TEAM = MKU9V22KT6;
				ENABLE_USER_SCRIPT_SANDBOXING = NO;
				GENERATE_INFOPLIST_FILE = YES;
				IPHONEOS_DEPLOYMENT_TARGET = 17.4;
				MARKETING_VERSION = 1.0;
				PRODUCT_BUNDLE_IDENTIFIER = com.bbattu.MuscleUpTests;
				PRODUCT_NAME = "$(TARGET_NAME)";
				SWIFT_EMIT_LOC_STRINGS = NO;
				SWIFT_VERSION = 5.0;
				TARGETED_DEVICE_FAMILY = "1,2";
				TEST_HOST = "$(BUILT_PRODUCTS_DIR)/MuscleUp.app/$(BUNDLE_EXECUTABLE_FOLDER_PATH)/MuscleUp";
			};
			name = Release;
		};
		98BC37972BCAA05E00F0880C /* Debug */ = {
			isa = XCBuildConfiguration;
			baseConfigurationReference = A4CF59A9C7D735EC793E2774 /* Pods-MuscleUp-MuscleUpUITests.debug.xcconfig */;
			buildSettings = {
				ALWAYS_EMBED_SWIFT_STANDARD_LIBRARIES = YES;
				CODE_SIGN_STYLE = Automatic;
				CURRENT_PROJECT_VERSION = 1;
				DEVELOPMENT_TEAM = MKU9V22KT6;
				ENABLE_USER_SCRIPT_SANDBOXING = NO;
				GENERATE_INFOPLIST_FILE = YES;
				MARKETING_VERSION = 1.0;
				PRODUCT_BUNDLE_IDENTIFIER = com.bbattu.MuscleUpUITests;
				PRODUCT_NAME = "$(TARGET_NAME)";
				SWIFT_EMIT_LOC_STRINGS = NO;
				SWIFT_VERSION = 5.0;
				TARGETED_DEVICE_FAMILY = "1,2";
				TEST_TARGET_NAME = MuscleUp;
			};
			name = Debug;
		};
		98BC37982BCAA05E00F0880C /* Release */ = {
			isa = XCBuildConfiguration;
			baseConfigurationReference = 289DA4D546A362407235BACA /* Pods-MuscleUp-MuscleUpUITests.release.xcconfig */;
			buildSettings = {
				ALWAYS_EMBED_SWIFT_STANDARD_LIBRARIES = YES;
				CODE_SIGN_STYLE = Automatic;
				CURRENT_PROJECT_VERSION = 1;
				DEVELOPMENT_TEAM = MKU9V22KT6;
				ENABLE_USER_SCRIPT_SANDBOXING = NO;
				GENERATE_INFOPLIST_FILE = YES;
				MARKETING_VERSION = 1.0;
				PRODUCT_BUNDLE_IDENTIFIER = com.bbattu.MuscleUpUITests;
				PRODUCT_NAME = "$(TARGET_NAME)";
				SWIFT_EMIT_LOC_STRINGS = NO;
				SWIFT_VERSION = 5.0;
				TARGETED_DEVICE_FAMILY = "1,2";
				TEST_TARGET_NAME = MuscleUp;
			};
			name = Release;
		};
/* End XCBuildConfiguration section */

/* Begin XCConfigurationList section */
		98BC37672BCAA05C00F0880C /* Build configuration list for PBXProject "MuscleUp" */ = {
			isa = XCConfigurationList;
			buildConfigurations = (
				98BC378E2BCAA05E00F0880C /* Debug */,
				98BC378F2BCAA05E00F0880C /* Release */,
			);
			defaultConfigurationIsVisible = 0;
			defaultConfigurationName = Release;
		};
		98BC37902BCAA05E00F0880C /* Build configuration list for PBXNativeTarget "MuscleUp" */ = {
			isa = XCConfigurationList;
			buildConfigurations = (
				98BC37912BCAA05E00F0880C /* Debug */,
				98BC37922BCAA05E00F0880C /* Release */,
			);
			defaultConfigurationIsVisible = 0;
			defaultConfigurationName = Release;
		};
		98BC37932BCAA05E00F0880C /* Build configuration list for PBXNativeTarget "MuscleUpTests" */ = {
			isa = XCConfigurationList;
			buildConfigurations = (
				98BC37942BCAA05E00F0880C /* Debug */,
				98BC37952BCAA05E00F0880C /* Release */,
			);
			defaultConfigurationIsVisible = 0;
			defaultConfigurationName = Release;
		};
		98BC37962BCAA05E00F0880C /* Build configuration list for PBXNativeTarget "MuscleUpUITests" */ = {
			isa = XCConfigurationList;
			buildConfigurations = (
				98BC37972BCAA05E00F0880C /* Debug */,
				98BC37982BCAA05E00F0880C /* Release */,
			);
			defaultConfigurationIsVisible = 0;
			defaultConfigurationName = Release;
		};
/* End XCConfigurationList section */
	};
	rootObject = 98BC37642BCAA05C00F0880C /* Project object */;
}
